
Microsoft Visual Studio Solution File, Format Version 12.00
# Visual Studio 14
VisualStudioVersion = 14.0.25420.1
MinimumVisualStudioVersion = 10.0.40219.1
Project("{E24C65DC-7377-472B-9ABA-BC803B73C61A}") = "WebSite3", "C:\Users\asus-pc\Documents\Visual Studio 2015\WebSites\WebSite3\", "{8105A240-8664-449D-AA35-A82CCD48A1EA}"
	ProjectSection(WebsiteProperties) = preProject
		TargetFrameworkMoniker = ".NETFramework,Version%3Dv4.5.2"
		Debug.AspNetCompiler.VirtualPath = "/localhost_50969"
		Debug.AspNetCompiler.PhysicalPath = "C:\Users\asus-pc\Documents\Visual Studio 2015\WebSites\WebSite3\"
		Debug.AspNetCompiler.TargetPath = "PrecompiledWeb\localhost_50969\"
		Debug.AspNetCompiler.Updateable = "true"
		Debug.AspNetCompiler.ForceOverwrite = "true"
		Debug.AspNetCompiler.FixedNames = "false"
		Debug.AspNetCompiler.Debug = "True"
		Release.AspNetCompiler.VirtualPath = "/localhost_50969"
		Release.AspNetCompiler.PhysicalPath = "C:\Users\asus-pc\Documents\Visual Studio 2015\WebSites\WebSite3\"
		Release.AspNetCompiler.TargetPath = "PrecompiledWeb\localhost_50969\"
		Release.AspNetCompiler.Updateable = "true"
		Release.AspNetCompiler.ForceOverwrite = "true"
		Release.AspNetCompiler.FixedNames = "false"
		Release.AspNetCompiler.Debug = "False"
		VWDPort = "50969"
		SlnRelativePath = "C:\Users\asus-pc\Documents\Visual Studio 2015\WebSites\WebSite3\"
		DefaultWebSiteLanguage = "Visual C#"
	EndProjectSection
EndProject
Global
	GlobalSection(SolutionConfigurationPlatforms) = preSolution
		Debug|Any CPU = Debug|Any CPU
	EndGlobalSection
	GlobalSection(ProjectConfigurationPlatforms) = postSolution
		{8105A240-8664-449D-AA35-A82CCD48A1EA}.Debug|Any CPU.ActiveCfg = Debug|Any CPU
		{8105A240-8664-449D-AA35-A82CCD48A1EA}.Debug|Any CPU.Build.0 = Debug|Any CPU
	EndGlobalSection
	GlobalSection(SolutionProperties) = preSolution
		HideSolutionNode = FALSE
	EndGlobalSection
EndGlobal
